<?xml version="1.0" encoding="utf-8"?>
<Project ToolsVersion="4.0" xmlns="http://schemas.microsoft.com/developer/msbuild/2003">
  <ItemGroup>
    <ClInclude Include="public\engine.h" />
    <ClInclude Include="private\renderer.h" />
    <ClInclude Include="private\graphics.h" />
    <ClInclude Include="private\window.h" />
    <ClInclude Include="public\input.h" />
    <ClInclude Include="public\inputCodes.h" />
    <ClInclude Include="private\glExtenstions.h" />
    <ClInclude Include="public\sprite.h" />
    <ClInclude Include="public\game.h" />
    <ClInclude Include="private\spritesRenderer.h" />
  </ItemGroup>
  <ItemGroup>
    <ClCompile Include="private\renderer.cpp" />
    <ClCompile Include="private\engine.cpp" />
    <ClCompile Include="private\graphics.cpp" />
    <ClCompile Include="private\window.cpp" />
    <ClCompile Include="private\glExtenstions.cpp" />
    <ClCompile Include="private\sprite.cpp" />
    <ClCompile Include="private\spritesRenderer.cpp" />
  </ItemGroup>
</Project>