
Microsoft Visual Studio Solution File, Format Version 12.00
# Visual Studio 14
VisualStudioVersion = 14.0.23107.0
MinimumVisualStudioVersion = 10.0.40219.1
Project("{8BC9CEB8-8B4A-11D0-8D11-00A0C91BC942}") = "engine", "engine\engine.vcxproj", "{6DDC1B3D-4ECC-4599-AC3D-593CC65C28ED}"
EndProject
Project("{8BC9CEB8-8B4A-11D0-8D11-00A0C91BC942}") = "utils", "utils\utils.vcxproj", "{38462D97-29BF-4A67-B808-4202CF2C74A9}"
EndProject
Project("{8BC9CEB8-8B4A-11D0-8D11-00A0C91BC942}") = "game", "game\game.vcxproj", "{0B2003B8-3ABD-4E58-95AF-E92FD7BC1DF4}"
EndProject
Global
	GlobalSection(SolutionConfigurationPlatforms) = preSolution
		Debug|x64 = Debug|x64
		Debug|x86 = Debug|x86
		Release|x64 = Release|x64
		Release|x86 = Release|x86
	EndGlobalSection
	GlobalSection(ProjectConfigurationPlatforms) = postSolution
		{6DDC1B3D-4ECC-4599-AC3D-593CC65C28ED}.Debug|x64.ActiveCfg = Debug|x64
		{6DDC1B3D-4ECC-4599-AC3D-593CC65C28ED}.Debug|x64.Build.0 = Debug|x64
		{6DDC1B3D-4ECC-4599-AC3D-593CC65C28ED}.Debug|x86.ActiveCfg = Debug|Win32
		{6DDC1B3D-4ECC-4599-AC3D-593CC65C28ED}.Debug|x86.Build.0 = Debug|Win32
		{6DDC1B3D-4ECC-4599-AC3D-593CC65C28ED}.Release|x64.ActiveCfg = Release|x64
		{6DDC1B3D-4ECC-4599-AC3D-593CC65C28ED}.Release|x64.Build.0 = Release|x64
		{6DDC1B3D-4ECC-4599-AC3D-593CC65C28ED}.Release|x86.ActiveCfg = Release|Win32
		{6DDC1B3D-4ECC-4599-AC3D-593CC65C28ED}.Release|x86.Build.0 = Release|Win32
		{38462D97-29BF-4A67-B808-4202CF2C74A9}.Debug|x64.ActiveCfg = Debug|x64
		{38462D97-29BF-4A67-B808-4202CF2C74A9}.Debug|x64.Build.0 = Debug|x64
		{38462D97-29BF-4A67-B808-4202CF2C74A9}.Debug|x86.ActiveCfg = Debug|Win32
		{38462D97-29BF-4A67-B808-4202CF2C74A9}.Debug|x86.Build.0 = Debug|Win32
		{38462D97-29BF-4A67-B808-4202CF2C74A9}.Release|x64.ActiveCfg = Release|x64
		{38462D97-29BF-4A67-B808-4202CF2C74A9}.Release|x64.Build.0 = Release|x64
		{38462D97-29BF-4A67-B808-4202CF2C74A9}.Release|x86.ActiveCfg = Release|Win32
		{38462D97-29BF-4A67-B808-4202CF2C74A9}.Release|x86.Build.0 = Release|Win32
		{0B2003B8-3ABD-4E58-95AF-E92FD7BC1DF4}.Debug|x64.ActiveCfg = Debug|x64
		{0B2003B8-3ABD-4E58-95AF-E92FD7BC1DF4}.Debug|x64.Build.0 = Debug|x64
		{0B2003B8-3ABD-4E58-95AF-E92FD7BC1DF4}.Debug|x86.ActiveCfg = Debug|Win32
		{0B2003B8-3ABD-4E58-95AF-E92FD7BC1DF4}.Debug|x86.Build.0 = Debug|Win32
		{0B2003B8-3ABD-4E58-95AF-E92FD7BC1DF4}.Release|x64.ActiveCfg = Release|x64
		{0B2003B8-3ABD-4E58-95AF-E92FD7BC1DF4}.Release|x64.Build.0 = Release|x64
		{0B2003B8-3ABD-4E58-95AF-E92FD7BC1DF4}.Release|x86.ActiveCfg = Release|Win32
		{0B2003B8-3ABD-4E58-95AF-E92FD7BC1DF4}.Release|x86.Build.0 = Release|Win32
	EndGlobalSection
	GlobalSection(SolutionProperties) = preSolution
		HideSolutionNode = FALSE
	EndGlobalSection
EndGlobal
